schema: '2.0'
stages:
  load_data:
    cmd: python src/load_data.py --config=params.yaml
    deps:
    - path: data_given/winequality_red.csv
      md5: 6a883fd98624e18c0b7ce251f4fab4fb
      size: 100951
    - path: src/get_data.py
      md5: 3af75b3ab82052bba17ec9073c63cc3c
      size: 700
    - path: src/load_data.py
      md5: ef7d858858edfa59a6d1ea291c6cdaef
      size: 674
    outs:
    - path: data/raw/winequality_red.csv
      md5: fb3717741cf304b0aa657c85e7e1bb41
      size: 96622
  split_data:
    cmd: python src/split_data.py --config=params.yaml
    deps:
    - path: data/raw/winequality_red.csv
      md5: fb3717741cf304b0aa657c85e7e1bb41
      size: 96622
    - path: src/split_data.py
      md5: 784ef743899970d60b6711ac5ec87e29
      size: 1056
    outs:
    - path: data/processed/test_winequality_red.csv
      md5: 69d161d2cbd75be7c75d0114a03ba129
      size: 20737
    - path: data/processed/train_winequality_red.csv
      md5: e2ee703011a8bc9c608439e3d50da9e6
      size: 81961
